
Microsoft Visual Studio Solution File, Format Version 12.00
# Visual Studio Version 16
VisualStudioVersion = 16.0.29920.165
MinimumVisualStudioVersion = 10.0.40219.1
Project("{8BC9CEB8-8B4A-11D0-8D11-00A0C91BC942}") = "UDP01 - Server", "UDP01\UDP01.vcxproj", "{F53EF2B6-96AC-455A-AF14-DB606D72ED9E}"
EndProject
Project("{8BC9CEB8-8B4A-11D0-8D11-00A0C91BC942}") = "BoostASIO_Server02", "BoostASIO02\BoostASIO02.vcxproj", "{96049D49-4A15-4CB1-AD73-794CFD48EAAF}"
EndProject
Project("{8BC9CEB8-8B4A-11D0-8D11-00A0C91BC942}") = "BoostASIO_Client02", "BoostASIO_Client02\BoostASIO_Client02.vcxproj", "{0A04A58E-0089-4487-B197-71FBAB6EE473}"
EndProject
Project("{8BC9CEB8-8B4A-11D0-8D11-00A0C91BC942}") = "UnitTest_BasicNetworking", "UnitTest_BasicNetworking\UnitTest_BasicNetworking.vcxproj", "{0048A74F-511A-425F-925F-1A240FDA55C7}"
EndProject
Project("{8BC9CEB8-8B4A-11D0-8D11-00A0C91BC942}") = "PacketFactoryTesting", "ConsoleApplication1\ConsoleApplication1.vcxproj", "{39C85B18-9C84-4C57-A3BB-ED4D1CA5EF86}"
EndProject
Project("{8BC9CEB8-8B4A-11D0-8D11-00A0C91BC942}") = "BoostASIO_Client03_TCP", "BoostASIO_Client03_TCP\BoostASIO_Client03_TCP.vcxproj", "{CC78F0E9-5251-47C1-A93B-EB1999FE6A24}"
EndProject
Project("{8BC9CEB8-8B4A-11D0-8D11-00A0C91BC942}") = "UnitTestMidLevelNetworking", "UnitTestMidLevelNetworking\UnitTestMidLevelNetworking.vcxproj", "{3A3EB52F-F5FD-4DE3-A032-3C1C9B939904}"
EndProject
Project("{8BC9CEB8-8B4A-11D0-8D11-00A0C91BC942}") = "BoostASIO_Server03", "BoostASIO_Server03\BoostASIO_Server03.vcxproj", "{BCC73CB8-2580-4C31-914E-AFC1AB79423D}"
EndProject
Project("{8BC9CEB8-8B4A-11D0-8D11-00A0C91BC942}") = "BoostASIO_Client04_TCP", "BoostASIO_Client04_TCP\BoostASIO_Client04_TCP.vcxproj", "{C2B134D2-7E0D-4DB0-BF85-B9EDFE7549D1}"
EndProject
Project("{8BC9CEB8-8B4A-11D0-8D11-00A0C91BC942}") = "UDP01 - Client", "UDP01 - Client\UDP01 - Client.vcxproj", "{7ABF840E-4AB0-4CA8-B338-69D61BB19C2E}"
EndProject
Project("{8BC9CEB8-8B4A-11D0-8D11-00A0C91BC942}") = "ThreadingTest01", "ThreadingTest01\ThreadingTest01.vcxproj", "{F100AA55-6401-4DC9-B46C-2EBF2E1E7B4B}"
EndProject
Project("{8BC9CEB8-8B4A-11D0-8D11-00A0C91BC942}") = "UDP01-ThreadedServer", "UDP01-ThreadedServer\UDP01-ThreadedServer.vcxproj", "{8E5B52E7-4428-4EA6-AD9F-04A91DABD3E4}"
EndProject
Global
	GlobalSection(SolutionConfigurationPlatforms) = preSolution
		Debug|x64 = Debug|x64
		Debug|x86 = Debug|x86
		Release|x64 = Release|x64
		Release|x86 = Release|x86
	EndGlobalSection
	GlobalSection(ProjectConfigurationPlatforms) = postSolution
		{F53EF2B6-96AC-455A-AF14-DB606D72ED9E}.Debug|x64.ActiveCfg = Debug|x64
		{F53EF2B6-96AC-455A-AF14-DB606D72ED9E}.Debug|x64.Build.0 = Debug|x64
		{F53EF2B6-96AC-455A-AF14-DB606D72ED9E}.Debug|x86.ActiveCfg = Debug|Win32
		{F53EF2B6-96AC-455A-AF14-DB606D72ED9E}.Debug|x86.Build.0 = Debug|Win32
		{F53EF2B6-96AC-455A-AF14-DB606D72ED9E}.Release|x64.ActiveCfg = Release|x64
		{F53EF2B6-96AC-455A-AF14-DB606D72ED9E}.Release|x64.Build.0 = Release|x64
		{F53EF2B6-96AC-455A-AF14-DB606D72ED9E}.Release|x86.ActiveCfg = Release|Win32
		{F53EF2B6-96AC-455A-AF14-DB606D72ED9E}.Release|x86.Build.0 = Release|Win32
		{96049D49-4A15-4CB1-AD73-794CFD48EAAF}.Debug|x64.ActiveCfg = Debug|x64
		{96049D49-4A15-4CB1-AD73-794CFD48EAAF}.Debug|x64.Build.0 = Debug|x64
		{96049D49-4A15-4CB1-AD73-794CFD48EAAF}.Debug|x86.ActiveCfg = Debug|Win32
		{96049D49-4A15-4CB1-AD73-794CFD48EAAF}.Debug|x86.Build.0 = Debug|Win32
		{96049D49-4A15-4CB1-AD73-794CFD48EAAF}.Release|x64.ActiveCfg = Release|x64
		{96049D49-4A15-4CB1-AD73-794CFD48EAAF}.Release|x64.Build.0 = Release|x64
		{96049D49-4A15-4CB1-AD73-794CFD48EAAF}.Release|x86.ActiveCfg = Release|Win32
		{96049D49-4A15-4CB1-AD73-794CFD48EAAF}.Release|x86.Build.0 = Release|Win32
		{0A04A58E-0089-4487-B197-71FBAB6EE473}.Debug|x64.ActiveCfg = Debug|x64
		{0A04A58E-0089-4487-B197-71FBAB6EE473}.Debug|x64.Build.0 = Debug|x64
		{0A04A58E-0089-4487-B197-71FBAB6EE473}.Debug|x86.ActiveCfg = Debug|Win32
		{0A04A58E-0089-4487-B197-71FBAB6EE473}.Debug|x86.Build.0 = Debug|Win32
		{0A04A58E-0089-4487-B197-71FBAB6EE473}.Release|x64.ActiveCfg = Release|x64
		{0A04A58E-0089-4487-B197-71FBAB6EE473}.Release|x64.Build.0 = Release|x64
		{0A04A58E-0089-4487-B197-71FBAB6EE473}.Release|x86.ActiveCfg = Release|Win32
		{0A04A58E-0089-4487-B197-71FBAB6EE473}.Release|x86.Build.0 = Release|Win32
		{0048A74F-511A-425F-925F-1A240FDA55C7}.Debug|x64.ActiveCfg = Debug|x64
		{0048A74F-511A-425F-925F-1A240FDA55C7}.Debug|x64.Build.0 = Debug|x64
		{0048A74F-511A-425F-925F-1A240FDA55C7}.Debug|x86.ActiveCfg = Debug|Win32
		{0048A74F-511A-425F-925F-1A240FDA55C7}.Debug|x86.Build.0 = Debug|Win32
		{0048A74F-511A-425F-925F-1A240FDA55C7}.Release|x64.ActiveCfg = Release|x64
		{0048A74F-511A-425F-925F-1A240FDA55C7}.Release|x64.Build.0 = Release|x64
		{0048A74F-511A-425F-925F-1A240FDA55C7}.Release|x86.ActiveCfg = Release|Win32
		{0048A74F-511A-425F-925F-1A240FDA55C7}.Release|x86.Build.0 = Release|Win32
		{39C85B18-9C84-4C57-A3BB-ED4D1CA5EF86}.Debug|x64.ActiveCfg = Debug|x64
		{39C85B18-9C84-4C57-A3BB-ED4D1CA5EF86}.Debug|x64.Build.0 = Debug|x64
		{39C85B18-9C84-4C57-A3BB-ED4D1CA5EF86}.Debug|x86.ActiveCfg = Debug|Win32
		{39C85B18-9C84-4C57-A3BB-ED4D1CA5EF86}.Debug|x86.Build.0 = Debug|Win32
		{39C85B18-9C84-4C57-A3BB-ED4D1CA5EF86}.Release|x64.ActiveCfg = Release|x64
		{39C85B18-9C84-4C57-A3BB-ED4D1CA5EF86}.Release|x64.Build.0 = Release|x64
		{39C85B18-9C84-4C57-A3BB-ED4D1CA5EF86}.Release|x86.ActiveCfg = Release|Win32
		{39C85B18-9C84-4C57-A3BB-ED4D1CA5EF86}.Release|x86.Build.0 = Release|Win32
		{CC78F0E9-5251-47C1-A93B-EB1999FE6A24}.Debug|x64.ActiveCfg = Debug|x64
		{CC78F0E9-5251-47C1-A93B-EB1999FE6A24}.Debug|x64.Build.0 = Debug|x64
		{CC78F0E9-5251-47C1-A93B-EB1999FE6A24}.Debug|x86.ActiveCfg = Debug|Win32
		{CC78F0E9-5251-47C1-A93B-EB1999FE6A24}.Debug|x86.Build.0 = Debug|Win32
		{CC78F0E9-5251-47C1-A93B-EB1999FE6A24}.Release|x64.ActiveCfg = Release|x64
		{CC78F0E9-5251-47C1-A93B-EB1999FE6A24}.Release|x64.Build.0 = Release|x64
		{CC78F0E9-5251-47C1-A93B-EB1999FE6A24}.Release|x86.ActiveCfg = Release|Win32
		{CC78F0E9-5251-47C1-A93B-EB1999FE6A24}.Release|x86.Build.0 = Release|Win32
		{3A3EB52F-F5FD-4DE3-A032-3C1C9B939904}.Debug|x64.ActiveCfg = Debug|x64
		{3A3EB52F-F5FD-4DE3-A032-3C1C9B939904}.Debug|x64.Build.0 = Debug|x64
		{3A3EB52F-F5FD-4DE3-A032-3C1C9B939904}.Debug|x86.ActiveCfg = Debug|Win32
		{3A3EB52F-F5FD-4DE3-A032-3C1C9B939904}.Debug|x86.Build.0 = Debug|Win32
		{3A3EB52F-F5FD-4DE3-A032-3C1C9B939904}.Release|x64.ActiveCfg = Release|x64
		{3A3EB52F-F5FD-4DE3-A032-3C1C9B939904}.Release|x64.Build.0 = Release|x64
		{3A3EB52F-F5FD-4DE3-A032-3C1C9B939904}.Release|x86.ActiveCfg = Release|Win32
		{3A3EB52F-F5FD-4DE3-A032-3C1C9B939904}.Release|x86.Build.0 = Release|Win32
		{BCC73CB8-2580-4C31-914E-AFC1AB79423D}.Debug|x64.ActiveCfg = Debug|x64
		{BCC73CB8-2580-4C31-914E-AFC1AB79423D}.Debug|x64.Build.0 = Debug|x64
		{BCC73CB8-2580-4C31-914E-AFC1AB79423D}.Debug|x86.ActiveCfg = Debug|Win32
		{BCC73CB8-2580-4C31-914E-AFC1AB79423D}.Debug|x86.Build.0 = Debug|Win32
		{BCC73CB8-2580-4C31-914E-AFC1AB79423D}.Release|x64.ActiveCfg = Release|x64
		{BCC73CB8-2580-4C31-914E-AFC1AB79423D}.Release|x64.Build.0 = Release|x64
		{BCC73CB8-2580-4C31-914E-AFC1AB79423D}.Release|x86.ActiveCfg = Release|Win32
		{BCC73CB8-2580-4C31-914E-AFC1AB79423D}.Release|x86.Build.0 = Release|Win32
		{C2B134D2-7E0D-4DB0-BF85-B9EDFE7549D1}.Debug|x64.ActiveCfg = Debug|x64
		{C2B134D2-7E0D-4DB0-BF85-B9EDFE7549D1}.Debug|x64.Build.0 = Debug|x64
		{C2B134D2-7E0D-4DB0-BF85-B9EDFE7549D1}.Debug|x86.ActiveCfg = Debug|Win32
		{C2B134D2-7E0D-4DB0-BF85-B9EDFE7549D1}.Debug|x86.Build.0 = Debug|Win32
		{C2B134D2-7E0D-4DB0-BF85-B9EDFE7549D1}.Release|x64.ActiveCfg = Release|x64
		{C2B134D2-7E0D-4DB0-BF85-B9EDFE7549D1}.Release|x64.Build.0 = Release|x64
		{C2B134D2-7E0D-4DB0-BF85-B9EDFE7549D1}.Release|x86.ActiveCfg = Release|Win32
		{C2B134D2-7E0D-4DB0-BF85-B9EDFE7549D1}.Release|x86.Build.0 = Release|Win32
		{7ABF840E-4AB0-4CA8-B338-69D61BB19C2E}.Debug|x64.ActiveCfg = Debug|x64
		{7ABF840E-4AB0-4CA8-B338-69D61BB19C2E}.Debug|x64.Build.0 = Debug|x64
		{7ABF840E-4AB0-4CA8-B338-69D61BB19C2E}.Debug|x86.ActiveCfg = Debug|Win32
		{7ABF840E-4AB0-4CA8-B338-69D61BB19C2E}.Debug|x86.Build.0 = Debug|Win32
		{7ABF840E-4AB0-4CA8-B338-69D61BB19C2E}.Release|x64.ActiveCfg = Release|x64
		{7ABF840E-4AB0-4CA8-B338-69D61BB19C2E}.Release|x64.Build.0 = Release|x64
		{7ABF840E-4AB0-4CA8-B338-69D61BB19C2E}.Release|x86.ActiveCfg = Release|Win32
		{7ABF840E-4AB0-4CA8-B338-69D61BB19C2E}.Release|x86.Build.0 = Release|Win32
		{F100AA55-6401-4DC9-B46C-2EBF2E1E7B4B}.Debug|x64.ActiveCfg = Debug|x64
		{F100AA55-6401-4DC9-B46C-2EBF2E1E7B4B}.Debug|x64.Build.0 = Debug|x64
		{F100AA55-6401-4DC9-B46C-2EBF2E1E7B4B}.Debug|x86.ActiveCfg = Debug|Win32
		{F100AA55-6401-4DC9-B46C-2EBF2E1E7B4B}.Debug|x86.Build.0 = Debug|Win32
		{F100AA55-6401-4DC9-B46C-2EBF2E1E7B4B}.Release|x64.ActiveCfg = Release|x64
		{F100AA55-6401-4DC9-B46C-2EBF2E1E7B4B}.Release|x64.Build.0 = Release|x64
		{F100AA55-6401-4DC9-B46C-2EBF2E1E7B4B}.Release|x86.ActiveCfg = Release|Win32
		{F100AA55-6401-4DC9-B46C-2EBF2E1E7B4B}.Release|x86.Build.0 = Release|Win32
		{8E5B52E7-4428-4EA6-AD9F-04A91DABD3E4}.Debug|x64.ActiveCfg = Debug|x64
		{8E5B52E7-4428-4EA6-AD9F-04A91DABD3E4}.Debug|x64.Build.0 = Debug|x64
		{8E5B52E7-4428-4EA6-AD9F-04A91DABD3E4}.Debug|x86.ActiveCfg = Debug|Win32
		{8E5B52E7-4428-4EA6-AD9F-04A91DABD3E4}.Debug|x86.Build.0 = Debug|Win32
		{8E5B52E7-4428-4EA6-AD9F-04A91DABD3E4}.Release|x64.ActiveCfg = Release|x64
		{8E5B52E7-4428-4EA6-AD9F-04A91DABD3E4}.Release|x64.Build.0 = Release|x64
		{8E5B52E7-4428-4EA6-AD9F-04A91DABD3E4}.Release|x86.ActiveCfg = Release|Win32
		{8E5B52E7-4428-4EA6-AD9F-04A91DABD3E4}.Release|x86.Build.0 = Release|Win32
	EndGlobalSection
	GlobalSection(SolutionProperties) = preSolution
		HideSolutionNode = FALSE
	EndGlobalSection
	GlobalSection(ExtensibilityGlobals) = postSolution
		SolutionGuid = {F1288252-63BA-457B-A132-85B2D8EA3467}
	EndGlobalSection
EndGlobal
